# THIS IS AN AUTOGENERATED FILE. DO NOT EDIT THIS FILE DIRECTLY.
# yarn lockfile v1


react-native-safe-area-context@^3.3.2:
  version "3.3.2"
  resolved "https://registry.yarnpkg.com/react-native-safe-area-context/-/react-native-safe-area-context-3.3.2.tgz#9549a2ce580f2374edb05e49d661258d1b8bcaed"
  integrity sha512-yOwiiPJ1rk+/nfK13eafbpW6sKW0jOnsRem2C1LPJjM3tfTof6hlvV5eWHATye3XOpu2cJ7N+HdkUvUDGwFD2Q==
